
Microsoft Visual Studio Solution File, Format Version 12.00
# Visual Studio 15
VisualStudioVersion = 15.0.27703.2035
MinimumVisualStudioVersion = 10.0.40219.1
Project("{FAE04EC0-301F-11D3-BF4B-00C04F79EFBC}") = "DomainPasswd", "Passwd\DomainPasswd.csproj", "{B3308395-C446-47EC-915D-849ACD1EDF04}"
EndProject
Global
	GlobalSection(SolutionConfigurationPlatforms) = preSolution
		Debug|Any CPU = Debug|Any CPU
		Release|Any CPU = Release|Any CPU
	EndGlobalSection
	GlobalSection(ProjectConfigurationPlatforms) = postSolution
		{B3308395-C446-47EC-915D-849ACD1EDF04}.Debug|Any CPU.ActiveCfg = Debug|Any CPU
		{B3308395-C446-47EC-915D-849ACD1EDF04}.Debug|Any CPU.Build.0 = Debug|Any CPU
		{B3308395-C446-47EC-915D-849ACD1EDF04}.Release|Any CPU.ActiveCfg = Release|Any CPU
		{B3308395-C446-47EC-915D-849ACD1EDF04}.Release|Any CPU.Build.0 = Release|Any CPU
	EndGlobalSection
	GlobalSection(SolutionProperties) = preSolution
		HideSolutionNode = FALSE
	EndGlobalSection
	GlobalSection(ExtensibilityGlobals) = postSolution
		SolutionGuid = {403FB0E6-3D5C-40E8-8BEA-F841BAB9DE7C}
	EndGlobalSection
EndGlobal
